// !$*UTF8*$!
{
	archiveVersion = 1;
	classes = {
	};
	objectVersion = 55;
	objects = {

/* Begin PBXBuildFile section */
		A499247528E1AC03002EF219 /* AppDelegate.swift in Sources */ = {isa = PBXBuildFile; fileRef = A499247428E1AC03002EF219 /* AppDelegate.swift */; };
		A499247728E1AC03002EF219 /* SceneDelegate.swift in Sources */ = {isa = PBXBuildFile; fileRef = A499247628E1AC03002EF219 /* SceneDelegate.swift */; };
		A499247928E1AC03002EF219 /* ViewController.swift in Sources */ = {isa = PBXBuildFile; fileRef = A499247828E1AC03002EF219 /* ViewController.swift */; };
		A499247C28E1AC03002EF219 /* Main.storyboard in Resources */ = {isa = PBXBuildFile; fileRef = A499247A28E1AC03002EF219 /* Main.storyboard */; };
		A499247E28E1AC05002EF219 /* Assets.xcassets in Resources */ = {isa = PBXBuildFile; fileRef = A499247D28E1AC05002EF219 /* Assets.xcassets */; };
		A499248128E1AC05002EF219 /* LaunchScreen.storyboard in Resources */ = {isa = PBXBuildFile; fileRef = A499247F28E1AC05002EF219 /* LaunchScreen.storyboard */; };
		A499248C28E1AC06002EF219 /* TalkDeckTests.swift in Sources */ = {isa = PBXBuildFile; fileRef = A499248B28E1AC06002EF219 /* TalkDeckTests.swift */; };
		A499249628E1AC06002EF219 /* TalkDeckUITests.swift in Sources */ = {isa = PBXBuildFile; fileRef = A499249528E1AC06002EF219 /* TalkDeckUITests.swift */; };
		A499249828E1AC06002EF219 /* TalkDeckUITestsLaunchTests.swift in Sources */ = {isa = PBXBuildFile; fileRef = A499249728E1AC06002EF219 /* TalkDeckUITestsLaunchTests.swift */; };
/* End PBXBuildFile section */

/* Begin PBXContainerItemProxy section */
		A499248828E1AC06002EF219 /* PBXContainerItemProxy */ = {
			isa = PBXContainerItemProxy;
			containerPortal = A499246928E1AC03002EF219 /* Project object */;
			proxyType = 1;
			remoteGlobalIDString = A499247028E1AC03002EF219;
			remoteInfo = TalkDeck;
		};
		A499249228E1AC06002EF219 /* PBXContainerItemProxy */ = {
			isa = PBXContainerItemProxy;
			containerPortal = A499246928E1AC03002EF219 /* Project object */;
			proxyType = 1;
			remoteGlobalIDString = A499247028E1AC03002EF219;
			remoteInfo = TalkDeck;
		};
/* End PBXContainerItemProxy section */

/* Begin PBXFileReference section */
		A499247128E1AC03002EF219 /* TalkDeck.app */ = {isa = PBXFileReference; explicitFileType = wrapper.application; includeInIndex = 0; path = TalkDeck.app; sourceTree = BUILT_PRODUCTS_DIR; };
		A499247428E1AC03002EF219 /* AppDelegate.swift */ = {isa = PBXFileReference; lastKnownFileType = sourcecode.swift; path = AppDelegate.swift; sourceTree = "<group>"; };
		A499247628E1AC03002EF219 /* SceneDelegate.swift */ = {isa = PBXFileReference; lastKnownFileType = sourcecode.swift; path = SceneDelegate.swift; sourceTree = "<group>"; };
		A499247828E1AC03002EF219 /* ViewController.swift */ = {isa = PBXFileReference; lastKnownFileType = sourcecode.swift; path = ViewController.swift; sourceTree = "<group>"; };
		A499247B28E1AC03002EF219 /* Base */ = {isa = PBXFileReference; lastKnownFileType = file.storyboard; name = Base; path = Base.lproj/Main.storyboard; sourceTree = "<group>"; };
		A499247D28E1AC05002EF219 /* Assets.xcassets */ = {isa = PBXFileReference; lastKnownFileType = folder.assetcatalog; path = Assets.xcassets; sourceTree = "<group>"; };
		A499248028E1AC05002EF219 /* Base */ = {isa = PBXFileReference; lastKnownFileType = file.storyboard; name = Base; path = Base.lproj/LaunchScreen.storyboard; sourceTree = "<group>"; };
		A499248228E1AC05002EF219 /* Info.plist */ = {isa = PBXFileReference; lastKnownFileType = text.plist.xml; path = Info.plist; sourceTree = "<group>"; };
		A499248728E1AC06002EF219 /* TalkDeckTests.xctest */ = {isa = PBXFileReference; explicitFileType = wrapper.cfbundle; includeInIndex = 0; path = TalkDeckTests.xctest; sourceTree = BUILT_PRODUCTS_DIR; };
		A499248B28E1AC06002EF219 /* TalkDeckTests.swift */ = {isa = PBXFileReference; lastKnownFileType = sourcecode.swift; path = TalkDeckTests.swift; sourceTree = "<group>"; };
		A499249128E1AC06002EF219 /* TalkDeckUITests.xctest */ = {isa = PBXFileReference; explicitFileType = wrapper.cfbundle; includeInIndex = 0; path = TalkDeckUITests.xctest; sourceTree = BUILT_PRODUCTS_DIR; };
		A499249528E1AC06002EF219 /* TalkDeckUITests.swift */ = {isa = PBXFileReference; lastKnownFileType = sourcecode.swift; path = TalkDeckUITests.swift; sourceTree = "<group>"; };
		A499249728E1AC06002EF219 /* TalkDeckUITestsLaunchTests.swift */ = {isa = PBXFileReference; lastKnownFileType = sourcecode.swift; path = TalkDeckUITestsLaunchTests.swift; sourceTree = "<group>"; };
/* End PBXFileReference section */

/* Begin PBXFrameworksBuildPhase section */
		A499246E28E1AC03002EF219 /* Frameworks */ = {
			isa = PBXFrameworksBuildPhase;
			buildActionMask = 2147483647;
			files = (
			);
			runOnlyForDeploymentPostprocessing = 0;
		};
		A499248428E1AC06002EF219 /* Frameworks */ = {
			isa = PBXFrameworksBuildPhase;
			buildActionMask = 2147483647;
			files = (
			);
			runOnlyForDeploymentPostprocessing = 0;
		};
		A499248E28E1AC06002EF219 /* Frameworks */ = {
			isa = PBXFrameworksBuildPhase;
			buildActionMask = 2147483647;
			files = (
			);
			runOnlyForDeploymentPostprocessing = 0;
		};
/* End PBXFrameworksBuildPhase section */

/* Begin PBXGroup section */
		A499246828E1AC03002EF219 = {
			isa = PBXGroup;
			children = (
				A499247328E1AC03002EF219 /* TalkDeck */,
				A499248A28E1AC06002EF219 /* TalkDeckTests */,
				A499249428E1AC06002EF219 /* TalkDeckUITests */,
				A499247228E1AC03002EF219 /* Products */,
			);
			sourceTree = "<group>";
		};
		A499247228E1AC03002EF219 /* Products */ = {
			isa = PBXGroup;
			children = (
				A499247128E1AC03002EF219 /* TalkDeck.app */,
				A499248728E1AC06002EF219 /* TalkDeckTests.xctest */,
				A499249128E1AC06002EF219 /* TalkDeckUITests.xctest */,
			);
			name = Products;
			sourceTree = "<group>";
		};
		A499247328E1AC03002EF219 /* TalkDeck */ = {
			isa = PBXGroup;
			children = (
				A499247428E1AC03002EF219 /* AppDelegate.swift */,
				A499247628E1AC03002EF219 /* SceneDelegate.swift */,
				A499247828E1AC03002EF219 /* ViewController.swift */,
				A499247A28E1AC03002EF219 /* Main.storyboard */,
				A499247D28E1AC05002EF219 /* Assets.xcassets */,
				A499247F28E1AC05002EF219 /* LaunchScreen.storyboard */,
				A499248228E1AC05002EF219 /* Info.plist */,
			);
			path = TalkDeck;
			sourceTree = "<group>";
		};
		A499248A28E1AC06002EF219 /* TalkDeckTests */ = {
			isa = PBXGroup;
			children = (
				A499248B28E1AC06002EF219 /* TalkDeckTests.swift */,
			);
			path = TalkDeckTests;
			sourceTree = "<group>";
		};
		A499249428E1AC06002EF219 /* TalkDeckUITests */ = {
			isa = PBXGroup;
			children = (
				A499249528E1AC06002EF219 /* TalkDeckUITests.swift */,
				A499249728E1AC06002EF219 /* TalkDeckUITestsLaunchTests.swift */,
			);
			path = TalkDeckUITests;
			sourceTree = "<group>";
		};
/* End PBXGroup section */

/* Begin PBXNativeTarget section */
		A499247028E1AC03002EF219 /* TalkDeck */ = {
			isa = PBXNativeTarget;
			buildConfigurationList = A499249B28E1AC06002EF219 /* Build configuration list for PBXNativeTarget "TalkDeck" */;
			buildPhases = (
				A499246D28E1AC03002EF219 /* Sources */,
				A499246E28E1AC03002EF219 /* Frameworks */,
				A499246F28E1AC03002EF219 /* Resources */,
			);
			buildRules = (
			);
			dependencies = (
			);
			name = TalkDeck;
			productName = TalkDeck;
			productReference = A499247128E1AC03002EF219 /* TalkDeck.app */;
			productType = "com.apple.product-type.application";
		};
		A499248628E1AC06002EF219 /* TalkDeckTests */ = {
			isa = PBXNativeTarget;
			buildConfigurationList = A499249E28E1AC06002EF219 /* Build configuration list for PBXNativeTarget "TalkDeckTests" */;
			buildPhases = (
				A499248328E1AC06002EF219 /* Sources */,
				A499248428E1AC06002EF219 /* Frameworks */,
				A499248528E1AC06002EF219 /* Resources */,
			);
			buildRules = (
			);
			dependencies = (
				A499248928E1AC06002EF219 /* PBXTargetDependency */,
			);
			name = TalkDeckTests;
			productName = TalkDeckTests;
			productReference = A499248728E1AC06002EF219 /* TalkDeckTests.xctest */;
			productType = "com.apple.product-type.bundle.unit-test";
		};
		A499249028E1AC06002EF219 /* TalkDeckUITests */ = {
			isa = PBXNativeTarget;
			buildConfigurationList = A49924A128E1AC06002EF219 /* Build configuration list for PBXNativeTarget "TalkDeckUITests" */;
			buildPhases = (
				A499248D28E1AC06002EF219 /* Sources */,
				A499248E28E1AC06002EF219 /* Frameworks */,
				A499248F28E1AC06002EF219 /* Resources */,
			);
			buildRules = (
			);
			dependencies = (
				A499249328E1AC06002EF219 /* PBXTargetDependency */,
			);
			name = TalkDeckUITests;
			productName = TalkDeckUITests;
			productReference = A499249128E1AC06002EF219 /* TalkDeckUITests.xctest */;
			productType = "com.apple.product-type.bundle.ui-testing";
		};
/* End PBXNativeTarget section */

/* Begin PBXProject section */
		A499246928E1AC03002EF219 /* Project object */ = {
			isa = PBXProject;
			attributes = {
				BuildIndependentTargetsInParallel = 1;
				LastSwiftUpdateCheck = 1340;
				LastUpgradeCheck = 1340;
				TargetAttributes = {
					A499247028E1AC03002EF219 = {
						CreatedOnToolsVersion = 13.4.1;
					};
					A499248628E1AC06002EF219 = {
						CreatedOnToolsVersion = 13.4.1;
						TestTargetID = A499247028E1AC03002EF219;
					};
					A499249028E1AC06002EF219 = {
						CreatedOnToolsVersion = 13.4.1;
						TestTargetID = A499247028E1AC03002EF219;
					};
				};
			};
			buildConfigurationList = A499246C28E1AC03002EF219 /* Build configuration list for PBXProject "TalkDeck" */;
			compatibilityVersion = "Xcode 13.0";
			developmentRegion = en;
			hasScannedForEncodings = 0;
			knownRegions = (
				en,
				Base,
			);
			mainGroup = A499246828E1AC03002EF219;
			productRefGroup = A499247228E1AC03002EF219 /* Products */;
			projectDirPath = "";
			projectRoot = "";
			targets = (
				A499247028E1AC03002EF219 /* TalkDeck */,
				A499248628E1AC06002EF219 /* TalkDeckTests */,
				A499249028E1AC06002EF219 /* TalkDeckUITests */,
			);
		};
/* End PBXProject section */

/* Begin PBXResourcesBuildPhase section */
		A499246F28E1AC03002EF219 /* Resources */ = {
			isa = PBXResourcesBuildPhase;
			buildActionMask = 2147483647;
			files = (
				A499248128E1AC05002EF219 /* LaunchScreen.storyboard in Resources */,
				A499247E28E1AC05002EF219 /* Assets.xcassets in Resources */,
				A499247C28E1AC03002EF219 /* Main.storyboard in Resources */,
			);
			runOnlyForDeploymentPostprocessing = 0;
		};
		A499248528E1AC06002EF219 /* Resources */ = {
			isa = PBXResourcesBuildPhase;
			buildActionMask = 2147483647;
			files = (
			);
			runOnlyForDeploymentPostprocessing = 0;
		};
		A499248F28E1AC06002EF219 /* Resources */ = {
			isa = PBXResourcesBuildPhase;
			buildActionMask = 2147483647;
			files = (
			);
			runOnlyForDeploymentPostprocessing = 0;
		};
/* End PBXResourcesBuildPhase section */

/* Begin PBXSourcesBuildPhase section */
		A499246D28E1AC03002EF219 /* Sources */ = {
			isa = PBXSourcesBuildPhase;
			buildActionMask = 2147483647;
			files = (
				A499247928E1AC03002EF219 /* ViewController.swift in Sources */,
				A499247528E1AC03002EF219 /* AppDelegate.swift in Sources */,
				A499247728E1AC03002EF219 /* SceneDelegate.swift in Sources */,
			);
			runOnlyForDeploymentPostprocessing = 0;
		};
		A499248328E1AC06002EF219 /* Sources */ = {
			isa = PBXSourcesBuildPhase;
			buildActionMask = 2147483647;
			files = (
				A499248C28E1AC06002EF219 /* TalkDeckTests.swift in Sources */,
			);
			runOnlyForDeploymentPostprocessing = 0;
		};
		A499248D28E1AC06002EF219 /* Sources */ = {
			isa = PBXSourcesBuildPhase;
			buildActionMask = 2147483647;
			files = (
				A499249828E1AC06002EF219 /* TalkDeckUITestsLaunchTests.swift in Sources */,
				A499249628E1AC06002EF219 /* TalkDeckUITests.swift in Sources */,
			);
			runOnlyForDeploymentPostprocessing = 0;
		};
/* End PBXSourcesBuildPhase section */

/* Begin PBXTargetDependency section */
		A499248928E1AC06002EF219 /* PBXTargetDependency */ = {
			isa = PBXTargetDependency;
			target = A499247028E1AC03002EF219 /* TalkDeck */;
			targetProxy = A499248828E1AC06002EF219 /* PBXContainerItemProxy */;
		};
		A499249328E1AC06002EF219 /* PBXTargetDependency */ = {
			isa = PBXTargetDependency;
			target = A499247028E1AC03002EF219 /* TalkDeck */;
			targetProxy = A499249228E1AC06002EF219 /* PBXContainerItemProxy */;
		};
/* End PBXTargetDependency section */

/* Begin PBXVariantGroup section */
		A499247A28E1AC03002EF219 /* Main.storyboard */ = {
			isa = PBXVariantGroup;
			children = (
				A499247B28E1AC03002EF219 /* Base */,
			);
			name = Main.storyboard;
			sourceTree = "<group>";
		};
		A499247F28E1AC05002EF219 /* LaunchScreen.storyboard */ = {
			isa = PBXVariantGroup;
			children = (
				A499248028E1AC05002EF219 /* Base */,
			);
			name = LaunchScreen.storyboard;
			sourceTree = "<group>";
		};
/* End PBXVariantGroup section */

/* Begin XCBuildConfiguration section */
		A499249928E1AC06002EF219 /* Debug */ = {
			isa = XCBuildConfiguration;
			buildSettings = {
				ALWAYS_SEARCH_USER_PATHS = NO;
				CLANG_ANALYZER_NONNULL = YES;
				CLANG_ANALYZER_NUMBER_OBJECT_CONVERSION = YES_AGGRESSIVE;
				CLANG_CXX_LANGUAGE_STANDARD = "gnu++17";
				CLANG_ENABLE_MODULES = YES;
				CLANG_ENABLE_OBJC_ARC = YES;
				CLANG_ENABLE_OBJC_WEAK = YES;
				CLANG_WARN_BLOCK_CAPTURE_AUTORELEASING = YES;
				CLANG_WARN_BOOL_CONVERSION = YES;
				CLANG_WARN_COMMA = YES;
				CLANG_WARN_CONSTANT_CONVERSION = YES;
				CLANG_WARN_DEPRECATED_OBJC_IMPLEMENTATIONS = YES;
				CLANG_WARN_DIRECT_OBJC_ISA_USAGE = YES_ERROR;
				CLANG_WARN_DOCUMENTATION_COMMENTS = YES;
				CLANG_WARN_EMPTY_BODY = YES;
				CLANG_WARN_ENUM_CONVERSION = YES;
				CLANG_WARN_INFINITE_RECURSION = YES;
				CLANG_WARN_INT_CONVERSION = YES;
				CLANG_WARN_NON_LITERAL_NULL_CONVERSION = YES;
				CLANG_WARN_OBJC_IMPLICIT_RETAIN_SELF = YES;
				CLANG_WARN_OBJC_LITERAL_CONVERSION = YES;
				CLANG_WARN_OBJC_ROOT_CLASS = YES_ERROR;
				CLANG_WARN_QUOTED_INCLUDE_IN_FRAMEWORK_HEADER = YES;
				CLANG_WARN_RANGE_LOOP_ANALYSIS = YES;
				CLANG_WARN_STRICT_PROTOTYPES = YES;
				CLANG_WARN_SUSPICIOUS_MOVE = YES;
				CLANG_WARN_UNGUARDED_AVAILABILITY = YES_AGGRESSIVE;
				CLANG_WARN_UNREACHABLE_CODE = YES;
				CLANG_WARN__DUPLICATE_METHOD_MATCH = YES;
				COPY_PHASE_STRIP = NO;
				DEBUG_INFORMATION_FORMAT = dwarf;
				ENABLE_STRICT_OBJC_MSGSEND = YES;
				ENABLE_TESTABILITY = YES;
				GCC_C_LANGUAGE_STANDARD = gnu11;
				GCC_DYNAMIC_NO_PIC = NO;
				GCC_NO_COMMON_BLOCKS = YES;
				GCC_OPTIMIZATION_LEVEL = 0;
				GCC_PREPROCESSOR_DEFINITIONS = (
					"DEBUG=1",
					"$(inherited)",
				);
				GCC_WARN_64_TO_32_BIT_CONVERSION = YES;
				GCC_WARN_ABOUT_RETURN_TYPE = YES_ERROR;
				GCC_WARN_UNDECLARED_SELECTOR = YES;
				GCC_WARN_UNINITIALIZED_AUTOS = YES_AGGRESSIVE;
				GCC_WARN_UNUSED_FUNCTION = YES;
				GCC_WARN_UNUSED_VARIABLE = YES;
				IPHONEOS_DEPLOYMENT_TARGET = 15.5;
				MTL_ENABLE_DEBUG_INFO = INCLUDE_SOURCE;
				MTL_FAST_MATH = YES;
				ONLY_ACTIVE_ARCH = YES;
				SDKROOT = iphoneos;
				SWIFT_ACTIVE_COMPILATION_CONDITIONS = DEBUG;
				SWIFT_OPTIMIZATION_LEVEL = "-Onone";
			};
			name = Debug;
		};
		A499249A28E1AC06002EF219 /* Release */ = {
			isa = XCBuildConfiguration;
			buildSettings = {
				ALWAYS_SEARCH_USER_PATHS = NO;
				CLANG_ANALYZER_NONNULL = YES;
				CLANG_ANALYZER_NUMBER_OBJECT_CONVERSION = YES_AGGRESSIVE;
				CLANG_CXX_LANGUAGE_STANDARD = "gnu++17";
				CLANG_ENABLE_MODULES = YES;
				CLANG_ENABLE_OBJC_ARC = YES;
				CLANG_ENABLE_OBJC_WEAK = YES;
				CLANG_WARN_BLOCK_CAPTURE_AUTORELEASING = YES;
				CLANG_WARN_BOOL_CONVERSION = YES;
				CLANG_WARN_COMMA = YES;
				CLANG_WARN_CONSTANT_CONVERSION = YES;
				CLANG_WARN_DEPRECATED_OBJC_IMPLEMENTATIONS = YES;
				CLANG_WARN_DIRECT_OBJC_ISA_USAGE = YES_ERROR;
				CLANG_WARN_DOCUMENTATION_COMMENTS = YES;
				CLANG_WARN_EMPTY_BODY = YES;
				CLANG_WARN_ENUM_CONVERSION = YES;
				CLANG_WARN_INFINITE_RECURSION = YES;
				CLANG_WARN_INT_CONVERSION = YES;
				CLANG_WARN_NON_LITERAL_NULL_CONVERSION = YES;
				CLANG_WARN_OBJC_IMPLICIT_RETAIN_SELF = YES;
				CLANG_WARN_OBJC_LITERAL_CONVERSION = YES;
				CLANG_WARN_OBJC_ROOT_CLASS = YES_ERROR;
				CLANG_WARN_QUOTED_INCLUDE_IN_FRAMEWORK_HEADER = YES;
				CLANG_WARN_RANGE_LOOP_ANALYSIS = YES;
				CLANG_WARN_STRICT_PROTOTYPES = YES;
				CLANG_WARN_SUSPICIOUS_MOVE = YES;
				CLANG_WARN_UNGUARDED_AVAILABILITY = YES_AGGRESSIVE;
				CLANG_WARN_UNREACHABLE_CODE = YES;
				CLANG_WARN__DUPLICATE_METHOD_MATCH = YES;
				COPY_PHASE_STRIP = NO;
				DEBUG_INFORMATION_FORMAT = "dwarf-with-dsym";
				ENABLE_NS_ASSERTIONS = NO;
				ENABLE_STRICT_OBJC_MSGSEND = YES;
				GCC_C_LANGUAGE_STANDARD = gnu11;
				GCC_NO_COMMON_BLOCKS = YES;
				GCC_WARN_64_TO_32_BIT_CONVERSION = YES;
				GCC_WARN_ABOUT_RETURN_TYPE = YES_ERROR;
				GCC_WARN_UNDECLARED_SELECTOR = YES;
				GCC_WARN_UNINITIALIZED_AUTOS = YES_AGGRESSIVE;
				GCC_WARN_UNUSED_FUNCTION = YES;
				GCC_WARN_UNUSED_VARIABLE = YES;
				IPHONEOS_DEPLOYMENT_TARGET = 15.5;
				MTL_ENABLE_DEBUG_INFO = NO;
				MTL_FAST_MATH = YES;
				SDKROOT = iphoneos;
				SWIFT_COMPILATION_MODE = wholemodule;
				SWIFT_OPTIMIZATION_LEVEL = "-O";
				VALIDATE_PRODUCT = YES;
			};
			name = Release;
		};
		A499249C28E1AC06002EF219 /* Debug */ = {
			isa = XCBuildConfiguration;
			buildSettings = {
				ASSETCATALOG_COMPILER_APPICON_NAME = AppIcon;
				ASSETCATALOG_COMPILER_GLOBAL_ACCENT_COLOR_NAME = AccentColor;
				CODE_SIGN_STYLE = Automatic;
				CURRENT_PROJECT_VERSION = 1;
				DEVELOPMENT_TEAM = 8HSC6WJMH6;
				GENERATE_INFOPLIST_FILE = YES;
				INFOPLIST_FILE = TalkDeck/Info.plist;
				INFOPLIST_KEY_UIApplicationSupportsIndirectInputEvents = YES;
				INFOPLIST_KEY_UILaunchStoryboardName = LaunchScreen;
				INFOPLIST_KEY_UIMainStoryboardFile = Main;
				INFOPLIST_KEY_UISupportedInterfaceOrientations_iPad = "UIInterfaceOrientationPortrait UIInterfaceOrientationPortraitUpsideDown UIInterfaceOrientationLandscapeLeft UIInterfaceOrientationLandscapeRight";
				INFOPLIST_KEY_UISupportedInterfaceOrientations_iPhone = "UIInterfaceOrientationPortrait UIInterfaceOrientationLandscapeLeft UIInterfaceOrientationLandscapeRight";
				LD_RUNPATH_SEARCH_PATHS = (
					"$(inherited)",
					"@executable_path/Frameworks",
				);
				MARKETING_VERSION = 1.0;
				PRODUCT_BUNDLE_IDENTIFIER = jp.techacademy.kazuma.miura2.TalkDeck;
				PRODUCT_NAME = "$(TARGET_NAME)";
				SWIFT_EMIT_LOC_STRINGS = YES;
				SWIFT_VERSION = 5.0;
				TARGETED_DEVICE_FAMILY = "1,2";
			};
			name = Debug;
		};
		A499249D28E1AC06002EF219 /* Release */ = {
			isa = XCBuildConfiguration;
			buildSettings = {
				ASSETCATALOG_COMPILER_APPICON_NAME = AppIcon;
				ASSETCATALOG_COMPILER_GLOBAL_ACCENT_COLOR_NAME = AccentColor;
				CODE_SIGN_STYLE = Automatic;
				CURRENT_PROJECT_VERSION = 1;
				DEVELOPMENT_TEAM = 8HSC6WJMH6;
				GENERATE_INFOPLIST_FILE = YES;
				INFOPLIST_FILE = TalkDeck/Info.plist;
				INFOPLIST_KEY_UIApplicationSupportsIndirectInputEvents = YES;
				INFOPLIST_KEY_UILaunchStoryboardName = LaunchScreen;
				INFOPLIST_KEY_UIMainStoryboardFile = Main;
				INFOPLIST_KEY_UISupportedInterfaceOrientations_iPad = "UIInterfaceOrientationPortrait UIInterfaceOrientationPortraitUpsideDown UIInterfaceOrientationLandscapeLeft UIInterfaceOrientationLandscapeRight";
				INFOPLIST_KEY_UISupportedInterfaceOrientations_iPhone = "UIInterfaceOrientationPortrait UIInterfaceOrientationLandscapeLeft UIInterfaceOrientationLandscapeRight";
				LD_RUNPATH_SEARCH_PATHS = (
					"$(inherited)",
					"@executable_path/Frameworks",
				);
				MARKETING_VERSION = 1.0;
				PRODUCT_BUNDLE_IDENTIFIER = jp.techacademy.kazuma.miura2.TalkDeck;
				PRODUCT_NAME = "$(TARGET_NAME)";
				SWIFT_EMIT_LOC_STRINGS = YES;
				SWIFT_VERSION = 5.0;
				TARGETED_DEVICE_FAMILY = "1,2";
			};
			name = Release;
		};
		A499249F28E1AC06002EF219 /* Debug */ = {
			isa = XCBuildConfiguration;
			buildSettings = {
				ALWAYS_EMBED_SWIFT_STANDARD_LIBRARIES = YES;
				BUNDLE_LOADER = "$(TEST_HOST)";
				CODE_SIGN_STYLE = Automatic;
				CURRENT_PROJECT_VERSION = 1;
				DEVELOPMENT_TEAM = 8HSC6WJMH6;
				GENERATE_INFOPLIST_FILE = YES;
				IPHONEOS_DEPLOYMENT_TARGET = 15.5;
				MARKETING_VERSION = 1.0;
				PRODUCT_BUNDLE_IDENTIFIER = jp.techacademy.kazuma.miura2.TalkDeckTests;
				PRODUCT_NAME = "$(TARGET_NAME)";
				SWIFT_EMIT_LOC_STRINGS = NO;
				SWIFT_VERSION = 5.0;
				TARGETED_DEVICE_FAMILY = "1,2";
				TEST_HOST = "$(BUILT_PRODUCTS_DIR)/TalkDeck.app/TalkDeck";
			};
			name = Debug;
		};
		A49924A028E1AC06002EF219 /* Release */ = {
			isa = XCBuildConfiguration;
			buildSettings = {
				ALWAYS_EMBED_SWIFT_STANDARD_LIBRARIES = YES;
				BUNDLE_LOADER = "$(TEST_HOST)";
				CODE_SIGN_STYLE = Automatic;
				CURRENT_PROJECT_VERSION = 1;
				DEVELOPMENT_TEAM = 8HSC6WJMH6;
				GENERATE_INFOPLIST_FILE = YES;
				IPHONEOS_DEPLOYMENT_TARGET = 15.5;
				MARKETING_VERSION = 1.0;
				PRODUCT_BUNDLE_IDENTIFIER = jp.techacademy.kazuma.miura2.TalkDeckTests;
				PRODUCT_NAME = "$(TARGET_NAME)";
				SWIFT_EMIT_LOC_STRINGS = NO;
				SWIFT_VERSION = 5.0;
				TARGETED_DEVICE_FAMILY = "1,2";
				TEST_HOST = "$(BUILT_PRODUCTS_DIR)/TalkDeck.app/TalkDeck";
			};
			name = Release;
		};
		A49924A228E1AC06002EF219 /* Debug */ = {
			isa = XCBuildConfiguration;
			buildSettings = {
				ALWAYS_EMBED_SWIFT_STANDARD_LIBRARIES = YES;
				CODE_SIGN_STYLE = Automatic;
				CURRENT_PROJECT_VERSION = 1;
				DEVELOPMENT_TEAM = 8HSC6WJMH6;
				GENERATE_INFOPLIST_FILE = YES;
				MARKETING_VERSION = 1.0;
				PRODUCT_BUNDLE_IDENTIFIER = jp.techacademy.kazuma.miura2.TalkDeckUITests;
				PRODUCT_NAME = "$(TARGET_NAME)";
				SWIFT_EMIT_LOC_STRINGS = NO;
				SWIFT_VERSION = 5.0;
				TARGETED_DEVICE_FAMILY = "1,2";
				TEST_TARGET_NAME = TalkDeck;
			};
			name = Debug;
		};
		A49924A328E1AC06002EF219 /* Release */ = {
			isa = XCBuildConfiguration;
			buildSettings = {
				ALWAYS_EMBED_SWIFT_STANDARD_LIBRARIES = YES;
				CODE_SIGN_STYLE = Automatic;
				CURRENT_PROJECT_VERSION = 1;
				DEVELOPMENT_TEAM = 8HSC6WJMH6;
				GENERATE_INFOPLIST_FILE = YES;
				MARKETING_VERSION = 1.0;
				PRODUCT_BUNDLE_IDENTIFIER = jp.techacademy.kazuma.miura2.TalkDeckUITests;
				PRODUCT_NAME = "$(TARGET_NAME)";
				SWIFT_EMIT_LOC_STRINGS = NO;
				SWIFT_VERSION = 5.0;
				TARGETED_DEVICE_FAMILY = "1,2";
				TEST_TARGET_NAME = TalkDeck;
			};
			name = Release;
		};
/* End XCBuildConfiguration section */

/* Begin XCConfigurationList section */
		A499246C28E1AC03002EF219 /* Build configuration list for PBXProject "TalkDeck" */ = {
			isa = XCConfigurationList;
			buildConfigurations = (
				A499249928E1AC06002EF219 /* Debug */,
				A499249A28E1AC06002EF219 /* Release */,
			);
			defaultConfigurationIsVisible = 0;
			defaultConfigurationName = Release;
		};
		A499249B28E1AC06002EF219 /* Build configuration list for PBXNativeTarget "TalkDeck" */ = {
			isa = XCConfigurationList;
			buildConfigurations = (
				A499249C28E1AC06002EF219 /* Debug */,
				A499249D28E1AC06002EF219 /* Release */,
			);
			defaultConfigurationIsVisible = 0;
			defaultConfigurationName = Release;
		};
		A499249E28E1AC06002EF219 /* Build configuration list for PBXNativeTarget "TalkDeckTests" */ = {
			isa = XCConfigurationList;
			buildConfigurations = (
				A499249F28E1AC06002EF219 /* Debug */,
				A49924A028E1AC06002EF219 /* Release */,
			);
			defaultConfigurationIsVisible = 0;
			defaultConfigurationName = Release;
		};
		A49924A128E1AC06002EF219 /* Build configuration list for PBXNativeTarget "TalkDeckUITests" */ = {
			isa = XCConfigurationList;
			buildConfigurations = (
				A49924A228E1AC06002EF219 /* Debug */,
				A49924A328E1AC06002EF219 /* Release */,
			);
			defaultConfigurationIsVisible = 0;
			defaultConfigurationName = Release;
		};
/* End XCConfigurationList section */
	};
	rootObject = A499246928E1AC03002EF219 /* Project object */;
}
